// !$*UTF8*$!
{
	archiveVersion = 1;
	classes = {
	};
	objectVersion = 51;
	objects = {

/* Begin PBXBuildFile section */
		524600022768B2DF001D306B /* NomadCustomTextFieldStackView.swift in Sources */ = {isa = PBXBuildFile; fileRef = 524600012768B2DF001D306B /* NomadCustomTextFieldStackView.swift */; };
		528D429C2763764400552D7F /* AppDelegate.swift in Sources */ = {isa = PBXBuildFile; fileRef = 528D429B2763764400552D7F /* AppDelegate.swift */; };
		528D429E2763764400552D7F /* SceneDelegate.swift in Sources */ = {isa = PBXBuildFile; fileRef = 528D429D2763764400552D7F /* SceneDelegate.swift */; };
		528D42A52763764700552D7F /* Assets.xcassets in Resources */ = {isa = PBXBuildFile; fileRef = 528D42A42763764700552D7F /* Assets.xcassets */; };
		528D42A82763764700552D7F /* LaunchScreen.storyboard in Resources */ = {isa = PBXBuildFile; fileRef = 528D42A62763764700552D7F /* LaunchScreen.storyboard */; };
		52A6B65D276ED04B009A1714 /* String+Extensions.swift in Sources */ = {isa = PBXBuildFile; fileRef = 52A6B65C276ED04B009A1714 /* String+Extensions.swift */; };
		52A6B65F276ED2F0009A1714 /* UIColor+Extension.swift in Sources */ = {isa = PBXBuildFile; fileRef = 52A6B65E276ED2F0009A1714 /* UIColor+Extension.swift */; };
		52A6B661276F9C48009A1714 /* GCfloat+Extension.swift in Sources */ = {isa = PBXBuildFile; fileRef = 52A6B660276F9C48009A1714 /* GCfloat+Extension.swift */; };
		52A6B665276FB641009A1714 /* SignInViewModel.swift in Sources */ = {isa = PBXBuildFile; fileRef = 52A6B664276FB641009A1714 /* SignInViewModel.swift */; };
		52AA8B4C2763855000CC87C6 /* Orchestrator.swift in Sources */ = {isa = PBXBuildFile; fileRef = 52AA8B4B2763855000CC87C6 /* Orchestrator.swift */; };
		52AA8B4E2763884A00CC87C6 /* SignInViewController.swift in Sources */ = {isa = PBXBuildFile; fileRef = 52AA8B4D2763884A00CC87C6 /* SignInViewController.swift */; };
		52D9E3972768CC1D00C5D5C9 /* CustomBaseViewLayout.swift in Sources */ = {isa = PBXBuildFile; fileRef = 52D9E3962768CC1D00C5D5C9 /* CustomBaseViewLayout.swift */; };
		9EA1489914E5810EC8B525FD /* Pods_Nomad_Clone_App.framework in Frameworks */ = {isa = PBXBuildFile; fileRef = 731B441D1220B272AA4456E8 /* Pods_Nomad_Clone_App.framework */; };
/* End PBXBuildFile section */

/* Begin PBXFileReference section */
		09EE579AE46625E69C1F47F2 /* Pods-Nomad Clone App.release.xcconfig */ = {isa = PBXFileReference; includeInIndex = 1; lastKnownFileType = text.xcconfig; name = "Pods-Nomad Clone App.release.xcconfig"; path = "Target Support Files/Pods-Nomad Clone App/Pods-Nomad Clone App.release.xcconfig"; sourceTree = "<group>"; };
		524600012768B2DF001D306B /* NomadCustomTextFieldStackView.swift */ = {isa = PBXFileReference; lastKnownFileType = sourcecode.swift; path = NomadCustomTextFieldStackView.swift; sourceTree = "<group>"; };
		528D42982763764400552D7F /* Nomad Clone App.app */ = {isa = PBXFileReference; explicitFileType = wrapper.application; includeInIndex = 0; path = "Nomad Clone App.app"; sourceTree = BUILT_PRODUCTS_DIR; };
		528D429B2763764400552D7F /* AppDelegate.swift */ = {isa = PBXFileReference; lastKnownFileType = sourcecode.swift; path = AppDelegate.swift; sourceTree = "<group>"; };
		528D429D2763764400552D7F /* SceneDelegate.swift */ = {isa = PBXFileReference; lastKnownFileType = sourcecode.swift; path = SceneDelegate.swift; sourceTree = "<group>"; };
		528D42A42763764700552D7F /* Assets.xcassets */ = {isa = PBXFileReference; lastKnownFileType = folder.assetcatalog; path = Assets.xcassets; sourceTree = "<group>"; };
		528D42A72763764700552D7F /* Base */ = {isa = PBXFileReference; lastKnownFileType = file.storyboard; name = Base; path = Base.lproj/LaunchScreen.storyboard; sourceTree = "<group>"; };
		528D42A92763764700552D7F /* Info.plist */ = {isa = PBXFileReference; lastKnownFileType = text.plist.xml; path = Info.plist; sourceTree = "<group>"; };
		52A6B65C276ED04B009A1714 /* String+Extensions.swift */ = {isa = PBXFileReference; lastKnownFileType = sourcecode.swift; path = "String+Extensions.swift"; sourceTree = "<group>"; };
		52A6B65E276ED2F0009A1714 /* UIColor+Extension.swift */ = {isa = PBXFileReference; lastKnownFileType = sourcecode.swift; path = "UIColor+Extension.swift"; sourceTree = "<group>"; };
		52A6B660276F9C48009A1714 /* GCfloat+Extension.swift */ = {isa = PBXFileReference; lastKnownFileType = sourcecode.swift; path = "GCfloat+Extension.swift"; sourceTree = "<group>"; };
		52A6B664276FB641009A1714 /* SignInViewModel.swift */ = {isa = PBXFileReference; lastKnownFileType = sourcecode.swift; path = SignInViewModel.swift; sourceTree = "<group>"; };
		52AA8B4B2763855000CC87C6 /* Orchestrator.swift */ = {isa = PBXFileReference; lastKnownFileType = sourcecode.swift; path = Orchestrator.swift; sourceTree = "<group>"; };
		52AA8B4D2763884A00CC87C6 /* SignInViewController.swift */ = {isa = PBXFileReference; lastKnownFileType = sourcecode.swift; path = SignInViewController.swift; sourceTree = "<group>"; };
		52D9E3962768CC1D00C5D5C9 /* CustomBaseViewLayout.swift */ = {isa = PBXFileReference; lastKnownFileType = sourcecode.swift; path = CustomBaseViewLayout.swift; sourceTree = "<group>"; };
		731B441D1220B272AA4456E8 /* Pods_Nomad_Clone_App.framework */ = {isa = PBXFileReference; explicitFileType = wrapper.framework; includeInIndex = 0; path = Pods_Nomad_Clone_App.framework; sourceTree = BUILT_PRODUCTS_DIR; };
		F52337EA92D7EFDEB35693A7 /* Pods-Nomad Clone App.debug.xcconfig */ = {isa = PBXFileReference; includeInIndex = 1; lastKnownFileType = text.xcconfig; name = "Pods-Nomad Clone App.debug.xcconfig"; path = "Target Support Files/Pods-Nomad Clone App/Pods-Nomad Clone App.debug.xcconfig"; sourceTree = "<group>"; };
/* End PBXFileReference section */

/* Begin PBXFrameworksBuildPhase section */
		528D42952763764400552D7F /* Frameworks */ = {
			isa = PBXFrameworksBuildPhase;
			buildActionMask = 2147483647;
			files = (
				9EA1489914E5810EC8B525FD /* Pods_Nomad_Clone_App.framework in Frameworks */,
			);
			runOnlyForDeploymentPostprocessing = 0;
		};
/* End PBXFrameworksBuildPhase section */

/* Begin PBXGroup section */
		13389B5E5DB32225CCA57192 /* Frameworks */ = {
			isa = PBXGroup;
			children = (
				731B441D1220B272AA4456E8 /* Pods_Nomad_Clone_App.framework */,
			);
			name = Frameworks;
			sourceTree = "<group>";
		};
		524600002768B229001D306B /* Commons */ = {
			isa = PBXGroup;
			children = (
				524600012768B2DF001D306B /* NomadCustomTextFieldStackView.swift */,
				52D9E3962768CC1D00C5D5C9 /* CustomBaseViewLayout.swift */,
			);
			path = Commons;
			sourceTree = "<group>";
		};
		528D428F2763764400552D7F = {
			isa = PBXGroup;
			children = (
				528D429A2763764400552D7F /* Nomad Clone App */,
				528D42992763764400552D7F /* Products */,
				6B2B2C43313EAEFA3635631C /* Pods */,
				13389B5E5DB32225CCA57192 /* Frameworks */,
			);
			sourceTree = "<group>";
		};
		528D42992763764400552D7F /* Products */ = {
			isa = PBXGroup;
			children = (
				528D42982763764400552D7F /* Nomad Clone App.app */,
			);
			name = Products;
			sourceTree = "<group>";
		};
		528D429A2763764400552D7F /* Nomad Clone App */ = {
			isa = PBXGroup;
			children = (
				52AA8B4B2763855000CC87C6 /* Orchestrator.swift */,
				52A6B65A276ECEED009A1714 /* Utils */,
				524600002768B229001D306B /* Commons */,
				52AA8B492763842A00CC87C6 /* Scenes */,
				528D42B127637A0400552D7F /* Defaults */,
				528D42A92763764700552D7F /* Info.plist */,
			);
			path = "Nomad Clone App";
			sourceTree = "<group>";
		};
		528D42B127637A0400552D7F /* Defaults */ = {
			isa = PBXGroup;
			children = (
				528D429B2763764400552D7F /* AppDelegate.swift */,
				528D429D2763764400552D7F /* SceneDelegate.swift */,
				528D42A42763764700552D7F /* Assets.xcassets */,
				528D42A62763764700552D7F /* LaunchScreen.storyboard */,
			);
			path = Defaults;
			sourceTree = "<group>";
		};
		52A6B65A276ECEED009A1714 /* Utils */ = {
			isa = PBXGroup;
			children = (
				52A6B65B276ECF3F009A1714 /* Class+Extensions */,
			);
			path = Utils;
			sourceTree = "<group>";
		};
		52A6B65B276ECF3F009A1714 /* Class+Extensions */ = {
			isa = PBXGroup;
			children = (
				52A6B65C276ED04B009A1714 /* String+Extensions.swift */,
				52A6B65E276ED2F0009A1714 /* UIColor+Extension.swift */,
				52A6B660276F9C48009A1714 /* GCfloat+Extension.swift */,
			);
			path = "Class+Extensions";
			sourceTree = "<group>";
		};
		52A6B662276FB57A009A1714 /* Models */ = {
			isa = PBXGroup;
			children = (
				52A6B664276FB641009A1714 /* SignInViewModel.swift */,
			);
			path = Models;
			sourceTree = "<group>";
		};
		52A6B663276FB5A8009A1714 /* Views */ = {
			isa = PBXGroup;
			children = (
				52AA8B4D2763884A00CC87C6 /* SignInViewController.swift */,
			);
			path = Views;
			sourceTree = "<group>";
		};
		52AA8B492763842A00CC87C6 /* Scenes */ = {
			isa = PBXGroup;
			children = (
				52AA8B4A2763847700CC87C6 /* Signin */,
			);
			path = Scenes;
			sourceTree = "<group>";
		};
		52AA8B4A2763847700CC87C6 /* Signin */ = {
			isa = PBXGroup;
			children = (
				52A6B663276FB5A8009A1714 /* Views */,
				52A6B662276FB57A009A1714 /* Models */,
			);
			path = Signin;
			sourceTree = "<group>";
		};
		6B2B2C43313EAEFA3635631C /* Pods */ = {
			isa = PBXGroup;
			children = (
				F52337EA92D7EFDEB35693A7 /* Pods-Nomad Clone App.debug.xcconfig */,
				09EE579AE46625E69C1F47F2 /* Pods-Nomad Clone App.release.xcconfig */,
			);
			path = Pods;
			sourceTree = "<group>";
		};
/* End PBXGroup section */

/* Begin PBXNativeTarget section */
		528D42972763764400552D7F /* Nomad Clone App */ = {
			isa = PBXNativeTarget;
			buildConfigurationList = 528D42AC2763764700552D7F /* Build configuration list for PBXNativeTarget "Nomad Clone App" */;
			buildPhases = (
				A59C0ED187D87E5F6447083F /* [CP] Check Pods Manifest.lock */,
				528D42942763764400552D7F /* Sources */,
				528D42952763764400552D7F /* Frameworks */,
				528D42962763764400552D7F /* Resources */,
				7DA3AB656E69EFFF865A9A68 /* [CP] Embed Pods Frameworks */,
			);
			buildRules = (
			);
			dependencies = (
			);
			name = "Nomad Clone App";
			productName = "Nomad Clone App";
			productReference = 528D42982763764400552D7F /* Nomad Clone App.app */;
			productType = "com.apple.product-type.application";
		};
/* End PBXNativeTarget section */

/* Begin PBXProject section */
		528D42902763764400552D7F /* Project object */ = {
			isa = PBXProject;
			attributes = {
				LastSwiftUpdateCheck = 1160;
				LastUpgradeCheck = 1160;
				ORGANIZATIONNAME = "Leticia de Oliveira Speda";
				TargetAttributes = {
					528D42972763764400552D7F = {
						CreatedOnToolsVersion = 11.6;
					};
				};
			};
			buildConfigurationList = 528D42932763764400552D7F /* Build configuration list for PBXProject "Nomad Clone App" */;
			compatibilityVersion = "Xcode 9.3";
			developmentRegion = en;
			hasScannedForEncodings = 0;
			knownRegions = (
				en,
				Base,
			);
			mainGroup = 528D428F2763764400552D7F;
			productRefGroup = 528D42992763764400552D7F /* Products */;
			projectDirPath = "";
			projectRoot = "";
			targets = (
				528D42972763764400552D7F /* Nomad Clone App */,
			);
		};
/* End PBXProject section */

/* Begin PBXResourcesBuildPhase section */
		528D42962763764400552D7F /* Resources */ = {
			isa = PBXResourcesBuildPhase;
			buildActionMask = 2147483647;
			files = (
				528D42A82763764700552D7F /* LaunchScreen.storyboard in Resources */,
				528D42A52763764700552D7F /* Assets.xcassets in Resources */,
			);
			runOnlyForDeploymentPostprocessing = 0;
		};
/* End PBXResourcesBuildPhase section */

/* Begin PBXShellScriptBuildPhase section */
		7DA3AB656E69EFFF865A9A68 /* [CP] Embed Pods Frameworks */ = {
			isa = PBXShellScriptBuildPhase;
			buildActionMask = 2147483647;
			files = (
			);
			inputFileListPaths = (
				"${PODS_ROOT}/Target Support Files/Pods-Nomad Clone App/Pods-Nomad Clone App-frameworks-${CONFIGURATION}-input-files.xcfilelist",
			);
			name = "[CP] Embed Pods Frameworks";
			outputFileListPaths = (
				"${PODS_ROOT}/Target Support Files/Pods-Nomad Clone App/Pods-Nomad Clone App-frameworks-${CONFIGURATION}-output-files.xcfilelist",
			);
			runOnlyForDeploymentPostprocessing = 0;
			shellPath = /bin/sh;
			shellScript = "\"${PODS_ROOT}/Target Support Files/Pods-Nomad Clone App/Pods-Nomad Clone App-frameworks.sh\"\n";
			showEnvVarsInLog = 0;
		};
		A59C0ED187D87E5F6447083F /* [CP] Check Pods Manifest.lock */ = {
			isa = PBXShellScriptBuildPhase;
			buildActionMask = 2147483647;
			files = (
			);
			inputFileListPaths = (
			);
			inputPaths = (
				"${PODS_PODFILE_DIR_PATH}/Podfile.lock",
				"${PODS_ROOT}/Manifest.lock",
			);
			name = "[CP] Check Pods Manifest.lock";
			outputFileListPaths = (
			);
			outputPaths = (
				"$(DERIVED_FILE_DIR)/Pods-Nomad Clone App-checkManifestLockResult.txt",
			);
			runOnlyForDeploymentPostprocessing = 0;
			shellPath = /bin/sh;
			shellScript = "diff \"${PODS_PODFILE_DIR_PATH}/Podfile.lock\" \"${PODS_ROOT}/Manifest.lock\" > /dev/null\nif [ $? != 0 ] ; then\n    # print error to STDERR\n    echo \"error: The sandbox is not in sync with the Podfile.lock. Run 'pod install' or update your CocoaPods installation.\" >&2\n    exit 1\nfi\n# This output is used by Xcode 'outputs' to avoid re-running this script phase.\necho \"SUCCESS\" > \"${SCRIPT_OUTPUT_FILE_0}\"\n";
			showEnvVarsInLog = 0;
		};
/* End PBXShellScriptBuildPhase section */

/* Begin PBXSourcesBuildPhase section */
		528D42942763764400552D7F /* Sources */ = {
			isa = PBXSourcesBuildPhase;
			buildActionMask = 2147483647;
			files = (
				52A6B661276F9C48009A1714 /* GCfloat+Extension.swift in Sources */,
				52AA8B4E2763884A00CC87C6 /* SignInViewController.swift in Sources */,
				52A6B65D276ED04B009A1714 /* String+Extensions.swift in Sources */,
				528D429C2763764400552D7F /* AppDelegate.swift in Sources */,
				52A6B665276FB641009A1714 /* SignInViewModel.swift in Sources */,
				52D9E3972768CC1D00C5D5C9 /* CustomBaseViewLayout.swift in Sources */,
				52AA8B4C2763855000CC87C6 /* Orchestrator.swift in Sources */,
				524600022768B2DF001D306B /* NomadCustomTextFieldStackView.swift in Sources */,
				528D429E2763764400552D7F /* SceneDelegate.swift in Sources */,
				52A6B65F276ED2F0009A1714 /* UIColor+Extension.swift in Sources */,
			);
			runOnlyForDeploymentPostprocessing = 0;
		};
/* End PBXSourcesBuildPhase section */

/* Begin PBXVariantGroup section */
		528D42A62763764700552D7F /* LaunchScreen.storyboard */ = {
			isa = PBXVariantGroup;
			children = (
				528D42A72763764700552D7F /* Base */,
			);
			name = LaunchScreen.storyboard;
			sourceTree = "<group>";
		};
/* End PBXVariantGroup section */

/* Begin XCBuildConfiguration section */
		528D42AA2763764700552D7F /* Debug */ = {
			isa = XCBuildConfiguration;
			buildSettings = {
				ALWAYS_SEARCH_USER_PATHS = NO;
				CLANG_ANALYZER_NONNULL = YES;
				CLANG_ANALYZER_NUMBER_OBJECT_CONVERSION = YES_AGGRESSIVE;
				CLANG_CXX_LANGUAGE_STANDARD = "gnu++14";
				CLANG_CXX_LIBRARY = "libc++";
				CLANG_ENABLE_MODULES = YES;
				CLANG_ENABLE_OBJC_ARC = YES;
				CLANG_ENABLE_OBJC_WEAK = YES;
				CLANG_WARN_BLOCK_CAPTURE_AUTORELEASING = YES;
				CLANG_WARN_BOOL_CONVERSION = YES;
				CLANG_WARN_COMMA = YES;
				CLANG_WARN_CONSTANT_CONVERSION = YES;
				CLANG_WARN_DEPRECATED_OBJC_IMPLEMENTATIONS = YES;
				CLANG_WARN_DIRECT_OBJC_ISA_USAGE = YES_ERROR;
				CLANG_WARN_DOCUMENTATION_COMMENTS = YES;
				CLANG_WARN_EMPTY_BODY = YES;
				CLANG_WARN_ENUM_CONVERSION = YES;
				CLANG_WARN_INFINITE_RECURSION = YES;
				CLANG_WARN_INT_CONVERSION = YES;
				CLANG_WARN_NON_LITERAL_NULL_CONVERSION = YES;
				CLANG_WARN_OBJC_IMPLICIT_RETAIN_SELF = YES;
				CLANG_WARN_OBJC_LITERAL_CONVERSION = YES;
				CLANG_WARN_OBJC_ROOT_CLASS = YES_ERROR;
				CLANG_WARN_RANGE_LOOP_ANALYSIS = YES;
				CLANG_WARN_STRICT_PROTOTYPES = YES;
				CLANG_WARN_SUSPICIOUS_MOVE = YES;
				CLANG_WARN_UNGUARDED_AVAILABILITY = YES_AGGRESSIVE;
				CLANG_WARN_UNREACHABLE_CODE = YES;
				CLANG_WARN__DUPLICATE_METHOD_MATCH = YES;
				COPY_PHASE_STRIP = NO;
				DEBUG_INFORMATION_FORMAT = dwarf;
				ENABLE_STRICT_OBJC_MSGSEND = YES;
				ENABLE_TESTABILITY = YES;
				GCC_C_LANGUAGE_STANDARD = gnu11;
				GCC_DYNAMIC_NO_PIC = NO;
				GCC_NO_COMMON_BLOCKS = YES;
				GCC_OPTIMIZATION_LEVEL = 0;
				GCC_PREPROCESSOR_DEFINITIONS = (
					"DEBUG=1",
					"$(inherited)",
				);
				GCC_WARN_64_TO_32_BIT_CONVERSION = YES;
				GCC_WARN_ABOUT_RETURN_TYPE = YES_ERROR;
				GCC_WARN_UNDECLARED_SELECTOR = YES;
				GCC_WARN_UNINITIALIZED_AUTOS = YES_AGGRESSIVE;
				GCC_WARN_UNUSED_FUNCTION = YES;
				GCC_WARN_UNUSED_VARIABLE = YES;
				IPHONEOS_DEPLOYMENT_TARGET = 13.6;
				MTL_ENABLE_DEBUG_INFO = INCLUDE_SOURCE;
				MTL_FAST_MATH = YES;
				ONLY_ACTIVE_ARCH = YES;
				SDKROOT = iphoneos;
				SWIFT_ACTIVE_COMPILATION_CONDITIONS = DEBUG;
				SWIFT_OPTIMIZATION_LEVEL = "-Onone";
			};
			name = Debug;
		};
		528D42AB2763764700552D7F /* Release */ = {
			isa = XCBuildConfiguration;
			buildSettings = {
				ALWAYS_SEARCH_USER_PATHS = NO;
				CLANG_ANALYZER_NONNULL = YES;
				CLANG_ANALYZER_NUMBER_OBJECT_CONVERSION = YES_AGGRESSIVE;
				CLANG_CXX_LANGUAGE_STANDARD = "gnu++14";
				CLANG_CXX_LIBRARY = "libc++";
				CLANG_ENABLE_MODULES = YES;
				CLANG_ENABLE_OBJC_ARC = YES;
				CLANG_ENABLE_OBJC_WEAK = YES;
				CLANG_WARN_BLOCK_CAPTURE_AUTORELEASING = YES;
				CLANG_WARN_BOOL_CONVERSION = YES;
				CLANG_WARN_COMMA = YES;
				CLANG_WARN_CONSTANT_CONVERSION = YES;
				CLANG_WARN_DEPRECATED_OBJC_IMPLEMENTATIONS = YES;
				CLANG_WARN_DIRECT_OBJC_ISA_USAGE = YES_ERROR;
				CLANG_WARN_DOCUMENTATION_COMMENTS = YES;
				CLANG_WARN_EMPTY_BODY = YES;
				CLANG_WARN_ENUM_CONVERSION = YES;
				CLANG_WARN_INFINITE_RECURSION = YES;
				CLANG_WARN_INT_CONVERSION = YES;
				CLANG_WARN_NON_LITERAL_NULL_CONVERSION = YES;
				CLANG_WARN_OBJC_IMPLICIT_RETAIN_SELF = YES;
				CLANG_WARN_OBJC_LITERAL_CONVERSION = YES;
				CLANG_WARN_OBJC_ROOT_CLASS = YES_ERROR;
				CLANG_WARN_RANGE_LOOP_ANALYSIS = YES;
				CLANG_WARN_STRICT_PROTOTYPES = YES;
				CLANG_WARN_SUSPICIOUS_MOVE = YES;
				CLANG_WARN_UNGUARDED_AVAILABILITY = YES_AGGRESSIVE;
				CLANG_WARN_UNREACHABLE_CODE = YES;
				CLANG_WARN__DUPLICATE_METHOD_MATCH = YES;
				COPY_PHASE_STRIP = NO;
				DEBUG_INFORMATION_FORMAT = "dwarf-with-dsym";
				ENABLE_NS_ASSERTIONS = NO;
				ENABLE_STRICT_OBJC_MSGSEND = YES;
				GCC_C_LANGUAGE_STANDARD = gnu11;
				GCC_NO_COMMON_BLOCKS = YES;
				GCC_WARN_64_TO_32_BIT_CONVERSION = YES;
				GCC_WARN_ABOUT_RETURN_TYPE = YES_ERROR;
				GCC_WARN_UNDECLARED_SELECTOR = YES;
				GCC_WARN_UNINITIALIZED_AUTOS = YES_AGGRESSIVE;
				GCC_WARN_UNUSED_FUNCTION = YES;
				GCC_WARN_UNUSED_VARIABLE = YES;
				IPHONEOS_DEPLOYMENT_TARGET = 13.6;
				MTL_ENABLE_DEBUG_INFO = NO;
				MTL_FAST_MATH = YES;
				SDKROOT = iphoneos;
				SWIFT_COMPILATION_MODE = wholemodule;
				SWIFT_OPTIMIZATION_LEVEL = "-O";
				VALIDATE_PRODUCT = YES;
			};
			name = Release;
		};
		528D42AD2763764700552D7F /* Debug */ = {
			isa = XCBuildConfiguration;
			baseConfigurationReference = F52337EA92D7EFDEB35693A7 /* Pods-Nomad Clone App.debug.xcconfig */;
			buildSettings = {
				ASSETCATALOG_COMPILER_APPICON_NAME = AppIcon;
				CODE_SIGN_STYLE = Automatic;
				DEVELOPMENT_TEAM = WXQ8GLHA2M;
				INFOPLIST_FILE = "Nomad Clone App/Info.plist";
				LD_RUNPATH_SEARCH_PATHS = (
					"$(inherited)",
					"@executable_path/Frameworks",
				);
				PRODUCT_BUNDLE_IDENTIFIER = "Leticia-Speda.Nomad-Clone-App";
				PRODUCT_NAME = "$(TARGET_NAME)";
				SWIFT_VERSION = 5.0;
				TARGETED_DEVICE_FAMILY = "1,2";
			};
			name = Debug;
		};
		528D42AE2763764700552D7F /* Release */ = {
			isa = XCBuildConfiguration;
			baseConfigurationReference = 09EE579AE46625E69C1F47F2 /* Pods-Nomad Clone App.release.xcconfig */;
			buildSettings = {
				ASSETCATALOG_COMPILER_APPICON_NAME = AppIcon;
				CODE_SIGN_STYLE = Automatic;
				DEVELOPMENT_TEAM = WXQ8GLHA2M;
				INFOPLIST_FILE = "Nomad Clone App/Info.plist";
				LD_RUNPATH_SEARCH_PATHS = (
					"$(inherited)",
					"@executable_path/Frameworks",
				);
				PRODUCT_BUNDLE_IDENTIFIER = "Leticia-Speda.Nomad-Clone-App";
				PRODUCT_NAME = "$(TARGET_NAME)";
				SWIFT_VERSION = 5.0;
				TARGETED_DEVICE_FAMILY = "1,2";
			};
			name = Release;
		};
/* End XCBuildConfiguration section */

/* Begin XCConfigurationList section */
		528D42932763764400552D7F /* Build configuration list for PBXProject "Nomad Clone App" */ = {
			isa = XCConfigurationList;
			buildConfigurations = (
				528D42AA2763764700552D7F /* Debug */,
				528D42AB2763764700552D7F /* Release */,
			);
			defaultConfigurationIsVisible = 0;
			defaultConfigurationName = Release;
		};
		528D42AC2763764700552D7F /* Build configuration list for PBXNativeTarget "Nomad Clone App" */ = {
			isa = XCConfigurationList;
			buildConfigurations = (
				528D42AD2763764700552D7F /* Debug */,
				528D42AE2763764700552D7F /* Release */,
			);
			defaultConfigurationIsVisible = 0;
			defaultConfigurationName = Release;
		};
/* End XCConfigurationList section */
	};
	rootObject = 528D42902763764400552D7F /* Project object */;
}
